
Microsoft Visual Studio Solution File, Format Version 12.00
# Visual Studio Version 17
VisualStudioVersion = 17.14.36429.23 d17.14
MinimumVisualStudioVersion = 10.0.40219.1
Project("{FAE04EC0-301F-11D3-BF4B-00C04F79EFBC}") = "Program.cs", "Program.cs\Program.cs.csproj", "{B672C456-940B-45A0-8ED7-9B601222D6E0}"
EndProject
Global
	GlobalSection(SolutionConfigurationPlatforms) = preSolution
		Debug|Any CPU = Debug|Any CPU
		Release|Any CPU = Release|Any CPU
	EndGlobalSection
	GlobalSection(ProjectConfigurationPlatforms) = postSolution
		{B672C456-940B-45A0-8ED7-9B601222D6E0}.Debug|Any CPU.ActiveCfg = Debug|Any CPU
		{B672C456-940B-45A0-8ED7-9B601222D6E0}.Debug|Any CPU.Build.0 = Debug|Any CPU
		{B672C456-940B-45A0-8ED7-9B601222D6E0}.Release|Any CPU.ActiveCfg = Release|Any CPU
		{B672C456-940B-45A0-8ED7-9B601222D6E0}.Release|Any CPU.Build.0 = Release|Any CPU
	EndGlobalSection
	GlobalSection(SolutionProperties) = preSolution
		HideSolutionNode = FALSE
	EndGlobalSection
	GlobalSection(ExtensibilityGlobals) = postSolution
		SolutionGuid = {78BF96AE-2208-44DB-857E-221BC0C25B9B}
	EndGlobalSection
EndGlobal
